
Microsoft Visual Studio Solution File, Format Version 12.00
# Visual Studio Version 17
VisualStudioVersion = 17.8.34525.116
MinimumVisualStudioVersion = 10.0.40219.1
Project("{8BC9CEB8-8B4A-11D0-8D11-00A0C91BC942}") = "(C++)Project", "(C++)Project.vcxproj", "{21945301-3F93-440A-B475-ACD7E5F3DF83}"
EndProject
Global
	GlobalSection(SolutionConfigurationPlatforms) = preSolution
		Debug|x64 = Debug|x64
		Debug|x86 = Debug|x86
		Release|x64 = Release|x64
		Release|x86 = Release|x86
	EndGlobalSection
	GlobalSection(ProjectConfigurationPlatforms) = postSolution
		{21945301-3F93-440A-B475-ACD7E5F3DF83}.Debug|x64.ActiveCfg = Debug|x64
		{21945301-3F93-440A-B475-ACD7E5F3DF83}.Debug|x64.Build.0 = Debug|x64
		{21945301-3F93-440A-B475-ACD7E5F3DF83}.Debug|x86.ActiveCfg = Debug|Win32
		{21945301-3F93-440A-B475-ACD7E5F3DF83}.Debug|x86.Build.0 = Debug|Win32
		{21945301-3F93-440A-B475-ACD7E5F3DF83}.Release|x64.ActiveCfg = Release|x64
		{21945301-3F93-440A-B475-ACD7E5F3DF83}.Release|x64.Build.0 = Release|x64
		{21945301-3F93-440A-B475-ACD7E5F3DF83}.Release|x86.ActiveCfg = Release|Win32
		{21945301-3F93-440A-B475-ACD7E5F3DF83}.Release|x86.Build.0 = Release|Win32
	EndGlobalSection
	GlobalSection(SolutionProperties) = preSolution
		HideSolutionNode = FALSE
	EndGlobalSection
	GlobalSection(ExtensibilityGlobals) = postSolution
		SolutionGuid = {0DE56EC5-392B-42D0-9ED4-2DABFB6356B6}
	EndGlobalSection
EndGlobal
